
Microsoft Visual Studio Solution File, Format Version 12.00
# Visual Studio 15
VisualStudioVersion = 15.0.28307.1705
MinimumVisualStudioVersion = 10.0.40219.1
Project("{00D1A9C2-B5F0-4AF3-8072-F6C62B433612}") = "ScriptsTabelas_BiCarlos", "ScriptsTabelas_BiCarlos.sqlproj", "{3DE77DC7-A047-461B-9788-1E0A8C26C913}"
EndProject
Global
	GlobalSection(SolutionConfigurationPlatforms) = preSolution
		Debug|Any CPU = Debug|Any CPU
		Release|Any CPU = Release|Any CPU
	EndGlobalSection
	GlobalSection(ProjectConfigurationPlatforms) = postSolution
		{3DE77DC7-A047-461B-9788-1E0A8C26C913}.Debug|Any CPU.ActiveCfg = Debug|Any CPU
		{3DE77DC7-A047-461B-9788-1E0A8C26C913}.Debug|Any CPU.Build.0 = Debug|Any CPU
		{3DE77DC7-A047-461B-9788-1E0A8C26C913}.Debug|Any CPU.Deploy.0 = Debug|Any CPU
		{3DE77DC7-A047-461B-9788-1E0A8C26C913}.Release|Any CPU.ActiveCfg = Release|Any CPU
		{3DE77DC7-A047-461B-9788-1E0A8C26C913}.Release|Any CPU.Build.0 = Release|Any CPU
		{3DE77DC7-A047-461B-9788-1E0A8C26C913}.Release|Any CPU.Deploy.0 = Release|Any CPU
	EndGlobalSection
	GlobalSection(SolutionProperties) = preSolution
		HideSolutionNode = FALSE
	EndGlobalSection
	GlobalSection(ExtensibilityGlobals) = postSolution
		SolutionGuid = {EA0483EC-1587-4ABE-B474-CE1F5B04BA80}
	EndGlobalSection
EndGlobal
